// !$*UTF8*$!
{
	archiveVersion = 1;
	classes = {
	};
	objectVersion = 77;
	objects = {

/* Begin PBXBuildFile section */
		24C755362E54963100AAB9EA /* MainView.swift in Sources */ = {isa = PBXBuildFile; fileRef = 24C755332E54963100AAB9EA /* MainView.swift */; };
		24C755372E54963100AAB9EA /* MapsApp.swift in Sources */ = {isa = PBXBuildFile; fileRef = 24C755342E54963100AAB9EA /* MapsApp.swift */; };
		24C755382E54963100AAB9EA /* Assets.xcassets in Resources */ = {isa = PBXBuildFile; fileRef = 24C755312E54963100AAB9EA /* Assets.xcassets */; };
		24C7553E2E54966C00AAB9EA /* MapModel.swift in Sources */ = {isa = PBXBuildFile; fileRef = 24C7553D2E54966C00AAB9EA /* MapModel.swift */; };
		24C755402E5496CE00AAB9EA /* MapViewModel.swift in Sources */ = {isa = PBXBuildFile; fileRef = 24C7553F2E5496CE00AAB9EA /* MapViewModel.swift */; };
		24C755422E54971C00AAB9EA /* UIKitGlobeMapView.swift in Sources */ = {isa = PBXBuildFile; fileRef = 24C755412E54971C00AAB9EA /* UIKitGlobeMapView.swift */; };
/* End PBXBuildFile section */

/* Begin PBXContainerItemProxy section */
		24C755132E54880A00AAB9EA /* PBXContainerItemProxy */ = {
			isa = PBXContainerItemProxy;
			containerPortal = 24C754FD2E54880800AAB9EA /* Project object */;
			proxyType = 1;
			remoteGlobalIDString = 24C755042E54880800AAB9EA;
			remoteInfo = Maps;
		};
		24C7551D2E54880A00AAB9EA /* PBXContainerItemProxy */ = {
			isa = PBXContainerItemProxy;
			containerPortal = 24C754FD2E54880800AAB9EA /* Project object */;
			proxyType = 1;
			remoteGlobalIDString = 24C755042E54880800AAB9EA;
			remoteInfo = Maps;
		};
/* End PBXContainerItemProxy section */

/* Begin PBXFileReference section */
		24C755052E54880800AAB9EA /* Maps.app */ = {isa = PBXFileReference; explicitFileType = wrapper.application; includeInIndex = 0; path = Maps.app; sourceTree = BUILT_PRODUCTS_DIR; };
		24C755122E54880A00AAB9EA /* MapsTests.xctest */ = {isa = PBXFileReference; explicitFileType = wrapper.cfbundle; includeInIndex = 0; path = MapsTests.xctest; sourceTree = BUILT_PRODUCTS_DIR; };
		24C7551C2E54880A00AAB9EA /* MapsUITests.xctest */ = {isa = PBXFileReference; explicitFileType = wrapper.cfbundle; includeInIndex = 0; path = MapsUITests.xctest; sourceTree = BUILT_PRODUCTS_DIR; };
		24C755312E54963100AAB9EA /* Assets.xcassets */ = {isa = PBXFileReference; lastKnownFileType = folder.assetcatalog; path = Assets.xcassets; sourceTree = "<group>"; };
		24C755322E54963100AAB9EA /* Info.plist */ = {isa = PBXFileReference; lastKnownFileType = text.plist.xml; path = Info.plist; sourceTree = "<group>"; };
		24C755332E54963100AAB9EA /* MainView.swift */ = {isa = PBXFileReference; lastKnownFileType = sourcecode.swift; path = MainView.swift; sourceTree = "<group>"; };
		24C755342E54963100AAB9EA /* MapsApp.swift */ = {isa = PBXFileReference; lastKnownFileType = sourcecode.swift; path = MapsApp.swift; sourceTree = "<group>"; };
		24C7553D2E54966C00AAB9EA /* MapModel.swift */ = {isa = PBXFileReference; lastKnownFileType = sourcecode.swift; path = MapModel.swift; sourceTree = "<group>"; };
		24C7553F2E5496CE00AAB9EA /* MapViewModel.swift */ = {isa = PBXFileReference; lastKnownFileType = sourcecode.swift; path = MapViewModel.swift; sourceTree = "<group>"; };
		24C755412E54971C00AAB9EA /* UIKitGlobeMapView.swift */ = {isa = PBXFileReference; lastKnownFileType = sourcecode.swift; path = UIKitGlobeMapView.swift; sourceTree = "<group>"; };
/* End PBXFileReference section */

/* Begin PBXFileSystemSynchronizedRootGroup section */
		24C755152E54880A00AAB9EA /* MapsTests */ = {
			isa = PBXFileSystemSynchronizedRootGroup;
			path = MapsTests;
			sourceTree = "<group>";
		};
		24C7551F2E54880A00AAB9EA /* MapsUITests */ = {
			isa = PBXFileSystemSynchronizedRootGroup;
			path = MapsUITests;
			sourceTree = "<group>";
		};
/* End PBXFileSystemSynchronizedRootGroup section */

/* Begin PBXFrameworksBuildPhase section */
		24C755022E54880800AAB9EA /* Frameworks */ = {
			isa = PBXFrameworksBuildPhase;
			buildActionMask = 2147483647;
			files = (
			);
			runOnlyForDeploymentPostprocessing = 0;
		};
		24C7550F2E54880A00AAB9EA /* Frameworks */ = {
			isa = PBXFrameworksBuildPhase;
			buildActionMask = 2147483647;
			files = (
			);
			runOnlyForDeploymentPostprocessing = 0;
		};
		24C755192E54880A00AAB9EA /* Frameworks */ = {
			isa = PBXFrameworksBuildPhase;
			buildActionMask = 2147483647;
			files = (
			);
			runOnlyForDeploymentPostprocessing = 0;
		};
/* End PBXFrameworksBuildPhase section */

/* Begin PBXGroup section */
		24C754FC2E54880800AAB9EA = {
			isa = PBXGroup;
			children = (
				24C755352E54963100AAB9EA /* Maps */,
				24C755152E54880A00AAB9EA /* MapsTests */,
				24C7551F2E54880A00AAB9EA /* MapsUITests */,
				24C755062E54880800AAB9EA /* Products */,
			);
			sourceTree = "<group>";
		};
		24C755062E54880800AAB9EA /* Products */ = {
			isa = PBXGroup;
			children = (
				24C755052E54880800AAB9EA /* Maps.app */,
				24C755122E54880A00AAB9EA /* MapsTests.xctest */,
				24C7551C2E54880A00AAB9EA /* MapsUITests.xctest */,
			);
			name = Products;
			sourceTree = "<group>";
		};
		24C755352E54963100AAB9EA /* Maps */ = {
			isa = PBXGroup;
			children = (
				24C7553C2E54965500AAB9EA /* Model */,
				24C7553B2E54964B00AAB9EA /* View */,
				24C7553A2E54963800AAB9EA /* Other */,
			);
			path = Maps;
			sourceTree = "<group>";
		};
		24C7553A2E54963800AAB9EA /* Other */ = {
			isa = PBXGroup;
			children = (
				24C755312E54963100AAB9EA /* Assets.xcassets */,
				24C755322E54963100AAB9EA /* Info.plist */,
				24C755342E54963100AAB9EA /* MapsApp.swift */,
			);
			path = Other;
			sourceTree = "<group>";
		};
		24C7553B2E54964B00AAB9EA /* View */ = {
			isa = PBXGroup;
			children = (
				24C755332E54963100AAB9EA /* MainView.swift */,
				24C755412E54971C00AAB9EA /* UIKitGlobeMapView.swift */,
			);
			path = View;
			sourceTree = "<group>";
		};
		24C7553C2E54965500AAB9EA /* Model */ = {
			isa = PBXGroup;
			children = (
				24C7553D2E54966C00AAB9EA /* MapModel.swift */,
				24C7553F2E5496CE00AAB9EA /* MapViewModel.swift */,
			);
			path = Model;
			sourceTree = "<group>";
		};
/* End PBXGroup section */

/* Begin PBXNativeTarget section */
		24C755042E54880800AAB9EA /* Maps */ = {
			isa = PBXNativeTarget;
			buildConfigurationList = 24C755262E54880A00AAB9EA /* Build configuration list for PBXNativeTarget "Maps" */;
			buildPhases = (
				24C755012E54880800AAB9EA /* Sources */,
				24C755022E54880800AAB9EA /* Frameworks */,
				24C755032E54880800AAB9EA /* Resources */,
			);
			buildRules = (
			);
			dependencies = (
			);
			name = Maps;
			packageProductDependencies = (
			);
			productName = Maps;
			productReference = 24C755052E54880800AAB9EA /* Maps.app */;
			productType = "com.apple.product-type.application";
		};
		24C755112E54880A00AAB9EA /* MapsTests */ = {
			isa = PBXNativeTarget;
			buildConfigurationList = 24C755292E54880A00AAB9EA /* Build configuration list for PBXNativeTarget "MapsTests" */;
			buildPhases = (
				24C7550E2E54880A00AAB9EA /* Sources */,
				24C7550F2E54880A00AAB9EA /* Frameworks */,
				24C755102E54880A00AAB9EA /* Resources */,
			);
			buildRules = (
			);
			dependencies = (
				24C755142E54880A00AAB9EA /* PBXTargetDependency */,
			);
			fileSystemSynchronizedGroups = (
				24C755152E54880A00AAB9EA /* MapsTests */,
			);
			name = MapsTests;
			packageProductDependencies = (
			);
			productName = MapsTests;
			productReference = 24C755122E54880A00AAB9EA /* MapsTests.xctest */;
			productType = "com.apple.product-type.bundle.unit-test";
		};
		24C7551B2E54880A00AAB9EA /* MapsUITests */ = {
			isa = PBXNativeTarget;
			buildConfigurationList = 24C7552C2E54880A00AAB9EA /* Build configuration list for PBXNativeTarget "MapsUITests" */;
			buildPhases = (
				24C755182E54880A00AAB9EA /* Sources */,
				24C755192E54880A00AAB9EA /* Frameworks */,
				24C7551A2E54880A00AAB9EA /* Resources */,
			);
			buildRules = (
			);
			dependencies = (
				24C7551E2E54880A00AAB9EA /* PBXTargetDependency */,
			);
			fileSystemSynchronizedGroups = (
				24C7551F2E54880A00AAB9EA /* MapsUITests */,
			);
			name = MapsUITests;
			packageProductDependencies = (
			);
			productName = MapsUITests;
			productReference = 24C7551C2E54880A00AAB9EA /* MapsUITests.xctest */;
			productType = "com.apple.product-type.bundle.ui-testing";
		};
/* End PBXNativeTarget section */

/* Begin PBXProject section */
		24C754FD2E54880800AAB9EA /* Project object */ = {
			isa = PBXProject;
			attributes = {
				BuildIndependentTargetsInParallel = 1;
				LastSwiftUpdateCheck = 1640;
				LastUpgradeCheck = 1640;
				TargetAttributes = {
					24C755042E54880800AAB9EA = {
						CreatedOnToolsVersion = 16.4;
					};
					24C755112E54880A00AAB9EA = {
						CreatedOnToolsVersion = 16.4;
						TestTargetID = 24C755042E54880800AAB9EA;
					};
					24C7551B2E54880A00AAB9EA = {
						CreatedOnToolsVersion = 16.4;
						TestTargetID = 24C755042E54880800AAB9EA;
					};
				};
			};
			buildConfigurationList = 24C755002E54880800AAB9EA /* Build configuration list for PBXProject "Maps" */;
			developmentRegion = en;
			hasScannedForEncodings = 0;
			knownRegions = (
				en,
				Base,
			);
			mainGroup = 24C754FC2E54880800AAB9EA;
			minimizedProjectReferenceProxies = 1;
			preferredProjectObjectVersion = 77;
			productRefGroup = 24C755062E54880800AAB9EA /* Products */;
			projectDirPath = "";
			projectRoot = "";
			targets = (
				24C755042E54880800AAB9EA /* Maps */,
				24C755112E54880A00AAB9EA /* MapsTests */,
				24C7551B2E54880A00AAB9EA /* MapsUITests */,
			);
		};
/* End PBXProject section */

/* Begin PBXResourcesBuildPhase section */
		24C755032E54880800AAB9EA /* Resources */ = {
			isa = PBXResourcesBuildPhase;
			buildActionMask = 2147483647;
			files = (
				24C755382E54963100AAB9EA /* Assets.xcassets in Resources */,
			);
			runOnlyForDeploymentPostprocessing = 0;
		};
		24C755102E54880A00AAB9EA /* Resources */ = {
			isa = PBXResourcesBuildPhase;
			buildActionMask = 2147483647;
			files = (
			);
			runOnlyForDeploymentPostprocessing = 0;
		};
		24C7551A2E54880A00AAB9EA /* Resources */ = {
			isa = PBXResourcesBuildPhase;
			buildActionMask = 2147483647;
			files = (
			);
			runOnlyForDeploymentPostprocessing = 0;
		};
/* End PBXResourcesBuildPhase section */

/* Begin PBXSourcesBuildPhase section */
		24C755012E54880800AAB9EA /* Sources */ = {
			isa = PBXSourcesBuildPhase;
			buildActionMask = 2147483647;
			files = (
				24C755362E54963100AAB9EA /* MainView.swift in Sources */,
				24C7553E2E54966C00AAB9EA /* MapModel.swift in Sources */,
				24C755372E54963100AAB9EA /* MapsApp.swift in Sources */,
				24C755422E54971C00AAB9EA /* UIKitGlobeMapView.swift in Sources */,
				24C755402E5496CE00AAB9EA /* MapViewModel.swift in Sources */,
			);
			runOnlyForDeploymentPostprocessing = 0;
		};
		24C7550E2E54880A00AAB9EA /* Sources */ = {
			isa = PBXSourcesBuildPhase;
			buildActionMask = 2147483647;
			files = (
			);
			runOnlyForDeploymentPostprocessing = 0;
		};
		24C755182E54880A00AAB9EA /* Sources */ = {
			isa = PBXSourcesBuildPhase;
			buildActionMask = 2147483647;
			files = (
			);
			runOnlyForDeploymentPostprocessing = 0;
		};
/* End PBXSourcesBuildPhase section */

/* Begin PBXTargetDependency section */
		24C755142E54880A00AAB9EA /* PBXTargetDependency */ = {
			isa = PBXTargetDependency;
			target = 24C755042E54880800AAB9EA /* Maps */;
			targetProxy = 24C755132E54880A00AAB9EA /* PBXContainerItemProxy */;
		};
		24C7551E2E54880A00AAB9EA /* PBXTargetDependency */ = {
			isa = PBXTargetDependency;
			target = 24C755042E54880800AAB9EA /* Maps */;
			targetProxy = 24C7551D2E54880A00AAB9EA /* PBXContainerItemProxy */;
		};
/* End PBXTargetDependency section */

/* Begin XCBuildConfiguration section */
		24C755242E54880A00AAB9EA /* Debug */ = {
			isa = XCBuildConfiguration;
			buildSettings = {
				ALWAYS_SEARCH_USER_PATHS = NO;
				ASSETCATALOG_COMPILER_GENERATE_SWIFT_ASSET_SYMBOL_EXTENSIONS = YES;
				CLANG_ANALYZER_NONNULL = YES;
				CLANG_ANALYZER_NUMBER_OBJECT_CONVERSION = YES_AGGRESSIVE;
				CLANG_CXX_LANGUAGE_STANDARD = "gnu++20";
				CLANG_ENABLE_MODULES = YES;
				CLANG_ENABLE_OBJC_ARC = YES;
				CLANG_ENABLE_OBJC_WEAK = YES;
				CLANG_WARN_BLOCK_CAPTURE_AUTORELEASING = YES;
				CLANG_WARN_BOOL_CONVERSION = YES;
				CLANG_WARN_COMMA = YES;
				CLANG_WARN_CONSTANT_CONVERSION = YES;
				CLANG_WARN_DEPRECATED_OBJC_IMPLEMENTATIONS = YES;
				CLANG_WARN_DIRECT_OBJC_ISA_USAGE = YES_ERROR;
				CLANG_WARN_DOCUMENTATION_COMMENTS = YES;
				CLANG_WARN_EMPTY_BODY = YES;
				CLANG_WARN_ENUM_CONVERSION = YES;
				CLANG_WARN_INFINITE_RECURSION = YES;
				CLANG_WARN_INT_CONVERSION = YES;
				CLANG_WARN_NON_LITERAL_NULL_CONVERSION = YES;
				CLANG_WARN_OBJC_IMPLICIT_RETAIN_SELF = YES;
				CLANG_WARN_OBJC_LITERAL_CONVERSION = YES;
				CLANG_WARN_OBJC_ROOT_CLASS = YES_ERROR;
				CLANG_WARN_QUOTED_INCLUDE_IN_FRAMEWORK_HEADER = YES;
				CLANG_WARN_RANGE_LOOP_ANALYSIS = YES;
				CLANG_WARN_STRICT_PROTOTYPES = YES;
				CLANG_WARN_SUSPICIOUS_MOVE = YES;
				CLANG_WARN_UNGUARDED_AVAILABILITY = YES_AGGRESSIVE;
				CLANG_WARN_UNREACHABLE_CODE = YES;
				CLANG_WARN__DUPLICATE_METHOD_MATCH = YES;
				COPY_PHASE_STRIP = NO;
				DEBUG_INFORMATION_FORMAT = dwarf;
				ENABLE_STRICT_OBJC_MSGSEND = YES;
				ENABLE_TESTABILITY = YES;
				ENABLE_USER_SCRIPT_SANDBOXING = YES;
				GCC_C_LANGUAGE_STANDARD = gnu17;
				GCC_DYNAMIC_NO_PIC = NO;
				GCC_NO_COMMON_BLOCKS = YES;
				GCC_OPTIMIZATION_LEVEL = 0;
				GCC_PREPROCESSOR_DEFINITIONS = (
					"DEBUG=1",
					"$(inherited)",
				);
				GCC_WARN_64_TO_32_BIT_CONVERSION = YES;
				GCC_WARN_ABOUT_RETURN_TYPE = YES_ERROR;
				GCC_WARN_UNDECLARED_SELECTOR = YES;
				GCC_WARN_UNINITIALIZED_AUTOS = YES_AGGRESSIVE;
				GCC_WARN_UNUSED_FUNCTION = YES;
				GCC_WARN_UNUSED_VARIABLE = YES;
				IPHONEOS_DEPLOYMENT_TARGET = 18.5;
				LOCALIZATION_PREFERS_STRING_CATALOGS = YES;
				MTL_ENABLE_DEBUG_INFO = INCLUDE_SOURCE;
				MTL_FAST_MATH = YES;
				ONLY_ACTIVE_ARCH = YES;
				SDKROOT = iphoneos;
				SWIFT_ACTIVE_COMPILATION_CONDITIONS = "DEBUG $(inherited)";
				SWIFT_OPTIMIZATION_LEVEL = "-Onone";
			};
			name = Debug;
		};
		24C755252E54880A00AAB9EA /* Release */ = {
			isa = XCBuildConfiguration;
			buildSettings = {
				ALWAYS_SEARCH_USER_PATHS = NO;
				ASSETCATALOG_COMPILER_GENERATE_SWIFT_ASSET_SYMBOL_EXTENSIONS = YES;
				CLANG_ANALYZER_NONNULL = YES;
				CLANG_ANALYZER_NUMBER_OBJECT_CONVERSION = YES_AGGRESSIVE;
				CLANG_CXX_LANGUAGE_STANDARD = "gnu++20";
				CLANG_ENABLE_MODULES = YES;
				CLANG_ENABLE_OBJC_ARC = YES;
				CLANG_ENABLE_OBJC_WEAK = YES;
				CLANG_WARN_BLOCK_CAPTURE_AUTORELEASING = YES;
				CLANG_WARN_BOOL_CONVERSION = YES;
				CLANG_WARN_COMMA = YES;
				CLANG_WARN_CONSTANT_CONVERSION = YES;
				CLANG_WARN_DEPRECATED_OBJC_IMPLEMENTATIONS = YES;
				CLANG_WARN_DIRECT_OBJC_ISA_USAGE = YES_ERROR;
				CLANG_WARN_DOCUMENTATION_COMMENTS = YES;
				CLANG_WARN_EMPTY_BODY = YES;
				CLANG_WARN_ENUM_CONVERSION = YES;
				CLANG_WARN_INFINITE_RECURSION = YES;
				CLANG_WARN_INT_CONVERSION = YES;
				CLANG_WARN_NON_LITERAL_NULL_CONVERSION = YES;
				CLANG_WARN_OBJC_IMPLICIT_RETAIN_SELF = YES;
				CLANG_WARN_OBJC_LITERAL_CONVERSION = YES;
				CLANG_WARN_OBJC_ROOT_CLASS = YES_ERROR;
				CLANG_WARN_QUOTED_INCLUDE_IN_FRAMEWORK_HEADER = YES;
				CLANG_WARN_RANGE_LOOP_ANALYSIS = YES;
				CLANG_WARN_STRICT_PROTOTYPES = YES;
				CLANG_WARN_SUSPICIOUS_MOVE = YES;
				CLANG_WARN_UNGUARDED_AVAILABILITY = YES_AGGRESSIVE;
				CLANG_WARN_UNREACHABLE_CODE = YES;
				CLANG_WARN__DUPLICATE_METHOD_MATCH = YES;
				COPY_PHASE_STRIP = NO;
				DEBUG_INFORMATION_FORMAT = "dwarf-with-dsym";
				ENABLE_NS_ASSERTIONS = NO;
				ENABLE_STRICT_OBJC_MSGSEND = YES;
				ENABLE_USER_SCRIPT_SANDBOXING = YES;
				GCC_C_LANGUAGE_STANDARD = gnu17;
				GCC_NO_COMMON_BLOCKS = YES;
				GCC_WARN_64_TO_32_BIT_CONVERSION = YES;
				GCC_WARN_ABOUT_RETURN_TYPE = YES_ERROR;
				GCC_WARN_UNDECLARED_SELECTOR = YES;
				GCC_WARN_UNINITIALIZED_AUTOS = YES_AGGRESSIVE;
				GCC_WARN_UNUSED_FUNCTION = YES;
				GCC_WARN_UNUSED_VARIABLE = YES;
				IPHONEOS_DEPLOYMENT_TARGET = 18.5;
				LOCALIZATION_PREFERS_STRING_CATALOGS = YES;
				MTL_ENABLE_DEBUG_INFO = NO;
				MTL_FAST_MATH = YES;
				SDKROOT = iphoneos;
				SWIFT_COMPILATION_MODE = wholemodule;
				VALIDATE_PRODUCT = YES;
			};
			name = Release;
		};
		24C755272E54880A00AAB9EA /* Debug */ = {
			isa = XCBuildConfiguration;
			buildSettings = {
				ASSETCATALOG_COMPILER_APPICON_NAME = AppIcon;
				ASSETCATALOG_COMPILER_GLOBAL_ACCENT_COLOR_NAME = AccentColor;
				CODE_SIGN_STYLE = Automatic;
				CURRENT_PROJECT_VERSION = 1;
				ENABLE_PREVIEWS = YES;
				GENERATE_INFOPLIST_FILE = YES;
				INFOPLIST_FILE = Maps/Other/Info.plist;
				INFOPLIST_KEY_UIApplicationSceneManifest_Generation = YES;
				INFOPLIST_KEY_UIApplicationSupportsIndirectInputEvents = YES;
				INFOPLIST_KEY_UILaunchScreen_Generation = YES;
				INFOPLIST_KEY_UISupportedInterfaceOrientations_iPad = "UIInterfaceOrientationPortrait UIInterfaceOrientationPortraitUpsideDown UIInterfaceOrientationLandscapeLeft UIInterfaceOrientationLandscapeRight";
				INFOPLIST_KEY_UISupportedInterfaceOrientations_iPhone = "UIInterfaceOrientationPortrait UIInterfaceOrientationLandscapeLeft UIInterfaceOrientationLandscapeRight";
				LD_RUNPATH_SEARCH_PATHS = (
					"$(inherited)",
					"@executable_path/Frameworks",
				);
				MARKETING_VERSION = 1.0;
				PRODUCT_BUNDLE_IDENTIFIER = shiva.Maps;
				PRODUCT_NAME = "$(TARGET_NAME)";
				SWIFT_EMIT_LOC_STRINGS = YES;
				SWIFT_VERSION = 5.0;
				TARGETED_DEVICE_FAMILY = "1,2";
			};
			name = Debug;
		};
		24C755282E54880A00AAB9EA /* Release */ = {
			isa = XCBuildConfiguration;
			buildSettings = {
				ASSETCATALOG_COMPILER_APPICON_NAME = AppIcon;
				ASSETCATALOG_COMPILER_GLOBAL_ACCENT_COLOR_NAME = AccentColor;
				CODE_SIGN_STYLE = Automatic;
				CURRENT_PROJECT_VERSION = 1;
				ENABLE_PREVIEWS = YES;
				GENERATE_INFOPLIST_FILE = YES;
				INFOPLIST_FILE = Maps/Other/Info.plist;
				INFOPLIST_KEY_UIApplicationSceneManifest_Generation = YES;
				INFOPLIST_KEY_UIApplicationSupportsIndirectInputEvents = YES;
				INFOPLIST_KEY_UILaunchScreen_Generation = YES;
				INFOPLIST_KEY_UISupportedInterfaceOrientations_iPad = "UIInterfaceOrientationPortrait UIInterfaceOrientationPortraitUpsideDown UIInterfaceOrientationLandscapeLeft UIInterfaceOrientationLandscapeRight";
				INFOPLIST_KEY_UISupportedInterfaceOrientations_iPhone = "UIInterfaceOrientationPortrait UIInterfaceOrientationLandscapeLeft UIInterfaceOrientationLandscapeRight";
				LD_RUNPATH_SEARCH_PATHS = (
					"$(inherited)",
					"@executable_path/Frameworks",
				);
				MARKETING_VERSION = 1.0;
				PRODUCT_BUNDLE_IDENTIFIER = shiva.Maps;
				PRODUCT_NAME = "$(TARGET_NAME)";
				SWIFT_EMIT_LOC_STRINGS = YES;
				SWIFT_VERSION = 5.0;
				TARGETED_DEVICE_FAMILY = "1,2";
			};
			name = Release;
		};
		24C7552A2E54880A00AAB9EA /* Debug */ = {
			isa = XCBuildConfiguration;
			buildSettings = {
				BUNDLE_LOADER = "$(TEST_HOST)";
				CODE_SIGN_STYLE = Automatic;
				CURRENT_PROJECT_VERSION = 1;
				GENERATE_INFOPLIST_FILE = YES;
				IPHONEOS_DEPLOYMENT_TARGET = 18.5;
				MARKETING_VERSION = 1.0;
				PRODUCT_BUNDLE_IDENTIFIER = shiva.MapsTests;
				PRODUCT_NAME = "$(TARGET_NAME)";
				SWIFT_EMIT_LOC_STRINGS = NO;
				SWIFT_VERSION = 5.0;
				TARGETED_DEVICE_FAMILY = "1,2";
				TEST_HOST = "$(BUILT_PRODUCTS_DIR)/Maps.app/$(BUNDLE_EXECUTABLE_FOLDER_PATH)/Maps";
			};
			name = Debug;
		};
		24C7552B2E54880A00AAB9EA /* Release */ = {
			isa = XCBuildConfiguration;
			buildSettings = {
				BUNDLE_LOADER = "$(TEST_HOST)";
				CODE_SIGN_STYLE = Automatic;
				CURRENT_PROJECT_VERSION = 1;
				GENERATE_INFOPLIST_FILE = YES;
				IPHONEOS_DEPLOYMENT_TARGET = 18.5;
				MARKETING_VERSION = 1.0;
				PRODUCT_BUNDLE_IDENTIFIER = shiva.MapsTests;
				PRODUCT_NAME = "$(TARGET_NAME)";
				SWIFT_EMIT_LOC_STRINGS = NO;
				SWIFT_VERSION = 5.0;
				TARGETED_DEVICE_FAMILY = "1,2";
				TEST_HOST = "$(BUILT_PRODUCTS_DIR)/Maps.app/$(BUNDLE_EXECUTABLE_FOLDER_PATH)/Maps";
			};
			name = Release;
		};
		24C7552D2E54880A00AAB9EA /* Debug */ = {
			isa = XCBuildConfiguration;
			buildSettings = {
				CODE_SIGN_STYLE = Automatic;
				CURRENT_PROJECT_VERSION = 1;
				GENERATE_INFOPLIST_FILE = YES;
				MARKETING_VERSION = 1.0;
				PRODUCT_BUNDLE_IDENTIFIER = shiva.MapsUITests;
				PRODUCT_NAME = "$(TARGET_NAME)";
				SWIFT_EMIT_LOC_STRINGS = NO;
				SWIFT_VERSION = 5.0;
				TARGETED_DEVICE_FAMILY = "1,2";
				TEST_TARGET_NAME = Maps;
			};
			name = Debug;
		};
		24C7552E2E54880A00AAB9EA /* Release */ = {
			isa = XCBuildConfiguration;
			buildSettings = {
				CODE_SIGN_STYLE = Automatic;
				CURRENT_PROJECT_VERSION = 1;
				GENERATE_INFOPLIST_FILE = YES;
				MARKETING_VERSION = 1.0;
				PRODUCT_BUNDLE_IDENTIFIER = shiva.MapsUITests;
				PRODUCT_NAME = "$(TARGET_NAME)";
				SWIFT_EMIT_LOC_STRINGS = NO;
				SWIFT_VERSION = 5.0;
				TARGETED_DEVICE_FAMILY = "1,2";
				TEST_TARGET_NAME = Maps;
			};
			name = Release;
		};
/* End XCBuildConfiguration section */

/* Begin XCConfigurationList section */
		24C755002E54880800AAB9EA /* Build configuration list for PBXProject "Maps" */ = {
			isa = XCConfigurationList;
			buildConfigurations = (
				24C755242E54880A00AAB9EA /* Debug */,
				24C755252E54880A00AAB9EA /* Release */,
			);
			defaultConfigurationIsVisible = 0;
			defaultConfigurationName = Release;
		};
		24C755262E54880A00AAB9EA /* Build configuration list for PBXNativeTarget "Maps" */ = {
			isa = XCConfigurationList;
			buildConfigurations = (
				24C755272E54880A00AAB9EA /* Debug */,
				24C755282E54880A00AAB9EA /* Release */,
			);
			defaultConfigurationIsVisible = 0;
			defaultConfigurationName = Release;
		};
		24C755292E54880A00AAB9EA /* Build configuration list for PBXNativeTarget "MapsTests" */ = {
			isa = XCConfigurationList;
			buildConfigurations = (
				24C7552A2E54880A00AAB9EA /* Debug */,
				24C7552B2E54880A00AAB9EA /* Release */,
			);
			defaultConfigurationIsVisible = 0;
			defaultConfigurationName = Release;
		};
		24C7552C2E54880A00AAB9EA /* Build configuration list for PBXNativeTarget "MapsUITests" */ = {
			isa = XCConfigurationList;
			buildConfigurations = (
				24C7552D2E54880A00AAB9EA /* Debug */,
				24C7552E2E54880A00AAB9EA /* Release */,
			);
			defaultConfigurationIsVisible = 0;
			defaultConfigurationName = Release;
		};
/* End XCConfigurationList section */
	};
	rootObject = 24C754FD2E54880800AAB9EA /* Project object */;
}
